<?xml version="1.0" encoding="utf-8"?>
<Project xmlns="http://schemas.microsoft.com/developer/msbuild/2003">
  <ItemGroup>
    <Filter Include="Form Files">
      <UniqueIdentifier>{99349809-55BA-4b9d-BF79-8FDBB0286EB3}</UniqueIdentifier>
      <Extensions>ui</Extensions>
      <ParseFiles>false</ParseFiles>
    </Filter>
    <Filter Include="Form Files">
      <UniqueIdentifier>{99349809-55BA-4b9d-BF79-8FDBB0286EB3}</UniqueIdentifier>
      <Extensions>ui</Extensions>
      <ParseFiles>false</ParseFiles>
    </Filter>
    <Filter Include="Generated Files">
      <UniqueIdentifier>{71ED8ED8-ACB9-4CE9-BBE1-E00B30144E11}</UniqueIdentifier>
      <Extensions>cpp;c;cxx;moc;h;def;odl;idl;res;</Extensions>
    </Filter>
    <Filter Include="Generated Files">
      <UniqueIdentifier>{71ED8ED8-ACB9-4CE9-BBE1-E00B30144E11}</UniqueIdentifier>
      <Extensions>cpp;c;cxx;moc;h;def;odl;idl;res;</Extensions>
    </Filter>
    <Filter Include="Header Files">
      <UniqueIdentifier>{93995380-89BD-4b04-88EB-625FBE52EBFB}</UniqueIdentifier>
      <Extensions>h;hpp;hxx;hm;inl;inc;xsd</Extensions>
    </Filter>
    <Filter Include="Header Files">
      <UniqueIdentifier>{93995380-89BD-4b04-88EB-625FBE52EBFB}</UniqueIdentifier>
      <Extensions>h;hpp;hxx;hm;inl;inc;xsd</Extensions>
    </Filter>
    <Filter Include="Source Files">
      <UniqueIdentifier>{4FC737F1-C7A5-4376-A066-2A32D752A2FF}</UniqueIdentifier>
      <Extensions>cpp;c;cxx;def;odl;idl;hpj;bat;asm;asmx</Extensions>
    </Filter>
    <Filter Include="Source Files">
      <UniqueIdentifier>{4FC737F1-C7A5-4376-A066-2A32D752A2FF}</UniqueIdentifier>
      <Extensions>cpp;c;cxx;def;odl;idl;hpj;bat;asm;asmx</Extensions>
    </Filter>
  </ItemGroup>
  <ItemGroup>
    <ClCompile Include="main.cpp">
      <Filter>Source Files</Filter>
    </ClCompile>
    <ClCompile Include="mainwindow.cpp">
      <Filter>Source Files</Filter>
    </ClCompile>
    <ClCompile Include="AbstractEntity.cpp">
      <Filter>Generated Files</Filter>
    </ClCompile>
    <ClCompile Include="extmath.cpp">
      <Filter>Generated Files</Filter>
    </ClCompile>
    <ClCompile Include="Texture.cpp">
      <Filter>Generated Files</Filter>
    </ClCompile>
    <ClCompile Include="Model.cpp">
      <Filter>Generated Files</Filter>
    </ClCompile>
    <ClCompile Include="FloatEdit.cpp">
      <Filter>Generated Files</Filter>
    </ClCompile>
    <ClCompile Include="Vector3DEdit.cpp">
      <Filter>Generated Files</Filter>
    </ClCompile>
    <ClCompile Include="FloatSlider.cpp">
      <Filter>Generated Files</Filter>
    </ClCompile>
    <ClCompile Include="Vector3DEditSlider.cpp">
      <Filter>Generated Files</Filter>
    </ClCompile>
    <ClCompile Include="MaterialProperty.cpp">
      <Filter>Generated Files</Filter>
    </ClCompile>
    <ClCompile Include="MeshProperty.cpp">
      <Filter>Generated Files</Filter>
    </ClCompile>
    <ClCompile Include="AbstractGizmo.cpp">
      <Filter>Generated Files</Filter>
    </ClCompile>
    <ClCompile Include="AbstractLight.cpp">
      <Filter>Generated Files</Filter>
    </ClCompile>
    <ClCompile Include="AmbientLight.cpp">
      <Filter>Generated Files</Filter>
    </ClCompile>
    <ClCompile Include="AmbientLightProperty.cpp">
      <Filter>Generated Files</Filter>
    </ClCompile>
    <ClCompile Include="ModelProperty.cpp">
      <Filter>Generated Files</Filter>
    </ClCompile>
    <ClCompile Include="Camera.cpp">
      <Filter>Generated Files</Filter>
    </ClCompile>
    <ClCompile Include="Gridline.cpp">
      <Filter>Generated Files</Filter>
    </ClCompile>
    <ClCompile Include="GridLineProperty.cpp">
      <Filter>Generated Files</Filter>
    </ClCompile>
    <ClCompile Include="DirectionLight.cpp">
      <Filter>Generated Files</Filter>
    </ClCompile>
    <ClCompile Include="DirectionLightProperty.cpp">
      <Filter>Generated Files</Filter>
    </ClCompile>
    <ClCompile Include="SpotLight.cpp">
      <Filter>Generated Files</Filter>
    </ClCompile>
    <ClCompile Include="OpenGLUniformBufferObject.cpp">
      <Filter>Generated Files</Filter>
    </ClCompile>
    <ClCompile Include="OpenGLTexture.cpp">
      <Filter>Generated Files</Filter>
    </ClCompile>
    <ClCompile Include="OpenGLMaterial.cpp">
      <Filter>Generated Files</Filter>
    </ClCompile>
    <ClCompile Include="ScaleGizmo.cpp">
      <Filter>Generated Files</Filter>
    </ClCompile>
    <ClCompile Include="ModelLoader.cpp">
      <Filter>Generated Files</Filter>
    </ClCompile>
    <ClCompile Include="TranslateGizmo.cpp">
      <Filter>Generated Files</Filter>
    </ClCompile>
    <ClCompile Include="RotateGizmo.cpp">
      <Filter>Generated Files</Filter>
    </ClCompile>
  </ItemGroup>
  <ItemGroup>
    <QtMoc Include="mainwindow.h">
      <Filter>Header Files</Filter>
    </QtMoc>
    <QtMoc Include="SceneTreeWidge.h">
      <Filter>Header Files</Filter>
    </QtMoc>
    <QtMoc Include="AbstractEntity.h">
      <Filter>Header Files</Filter>
    </QtMoc>
    <QtMoc Include="Texture.h">
      <Filter>Header Files</Filter>
    </QtMoc>
    <QtMoc Include="Material.h">
      <Filter>Header Files</Filter>
    </QtMoc>
    <QtMoc Include="Mesh.h">
      <Filter>Header Files</Filter>
    </QtMoc>
    <QtMoc Include="Model.h">
      <Filter>Header Files</Filter>
    </QtMoc>
    <QtMoc Include="FloatEdit.h">
      <Filter>Header Files</Filter>
    </QtMoc>
    <QtMoc Include="Vector3DEdit.h">
      <Filter>Header Files</Filter>
    </QtMoc>
    <QtMoc Include="Vector3DEditSlider.h">
      <Filter>Header Files</Filter>
    </QtMoc>
    <QtMoc Include="FloatSlider.h">
      <Filter>Header Files</Filter>
    </QtMoc>
    <QtMoc Include="MaterialProperty.h">
      <Filter>Header Files</Filter>
    </QtMoc>
    <QtMoc Include="MeshProperty.h">
      <Filter>Header Files</Filter>
    </QtMoc>
    <QtMoc Include="AbstractGizmo.h">
      <Filter>Generated Files</Filter>
    </QtMoc>
    <QtMoc Include="AbstractLight.h">
      <Filter>Generated Files</Filter>
    </QtMoc>
    <QtMoc Include="AmbientLight.h">
      <Filter>Generated Files</Filter>
    </QtMoc>
    <QtMoc Include="AmbientLightProperty.h">
      <Filter>Generated Files</Filter>
    </QtMoc>
    <QtMoc Include="ModelProperty.h">
      <Filter>Generated Files</Filter>
    </QtMoc>
    <QtMoc Include="Camera.h">
      <Filter>Header Files</Filter>
    </QtMoc>
    <QtMoc Include="Gridline.h">
      <Filter>Header Files</Filter>
    </QtMoc>
    <QtMoc Include="GridLineProperty.h">
      <Filter>Header Files</Filter>
    </QtMoc>
    <QtMoc Include="DirectionLight.h">
      <Filter>Generated Files</Filter>
    </QtMoc>
    <QtMoc Include="DirectionLightProperty.h">
      <Filter>Generated Files</Filter>
    </QtMoc>
    <QtMoc Include="SpotLight.h">
      <Filter>Generated Files</Filter>
    </QtMoc>
    <QtMoc Include="OpenGLTexture.h">
      <Filter>Header Files</Filter>
    </QtMoc>
    <QtMoc Include="OpenGLMaterial.h">
      <Filter>Header Files</Filter>
    </QtMoc>
    <QtMoc Include="ScaleGizmo.h">
      <Filter>Generated Files</Filter>
    </QtMoc>
    <QtMoc Include="PointLight.h">
      <Filter>Generated Files</Filter>
    </QtMoc>
    <QtMoc Include="TranslateGizmo.h">
      <Filter>Generated Files</Filter>
    </QtMoc>
    <QtMoc Include="RotateGizmo.h">
      <Filter>Generated Files</Filter>
    </QtMoc>
  </ItemGroup>
  <ItemGroup>
    <CustomBuild Include="debug\moc_predefs.h.cbt">
      <Filter>Generated Files</Filter>
    </CustomBuild>
    <CustomBuild Include="release\moc_predefs.h.cbt">
      <Filter>Generated Files</Filter>
    </CustomBuild>
  </ItemGroup>
  <ItemGroup>
    <QtUic Include="mainwindow.ui">
      <Filter>Form Files</Filter>
    </QtUic>
  </ItemGroup>
  <ItemGroup>
    <ClInclude Include="Common.h">
      <Filter>Header Files</Filter>
    </ClInclude>
    <ClInclude Include="OpenGLUniformBufferObject.h">
      <Filter>Header Files</Filter>
    </ClInclude>
    <ClInclude Include="extmath.h">
      <Filter>Header Files</Filter>
    </ClInclude>
    <ClInclude Include="Vertex.h">
      <Filter>Header Files</Filter>
    </ClInclude>
    <ClInclude Include="QOpenGLRenderer.h">
      <Filter>Header Files</Filter>
    </ClInclude>
    <ClInclude Include="ModelLoader.h">
      <Filter>Generated Files</Filter>
    </ClInclude>
    <ClInclude Include="OpenGLScene.h">
      <Filter>Generated Files</Filter>
    </ClInclude>
    <ClInclude Include="Scene.h">
      <Filter>Generated Files</Filter>
    </ClInclude>
    <ClInclude Include="TextureLoader.h">
      <Filter>Generated Files</Filter>
    </ClInclude>
    <ClInclude Include="TransformGizmo.h">
      <Filter>Generated Files</Filter>
    </ClInclude>
  </ItemGroup>
</Project>